// !$*UTF8*$!
{
	archiveVersion = 1;
	classes = {
	};
	objectVersion = 46;
	objects = {

/* Begin PBXBuildFile section */
		020FA9151F66E0A0002E4E4C /* libSPAudioEqualizer.a in Frameworks */ = {isa = PBXBuildFile; fileRef = 029F180D1F5432C900BABF69 /* libSPAudioEqualizer.a */; };
		0238ACFC1F551600004F386C /* CoreMedia.framework in Frameworks */ = {isa = PBXBuildFile; fileRef = 0238ACFA1F551600004F386C /* CoreMedia.framework */; };
		0238ACFD1F551600004F386C /* MediaPlayer.framework in Frameworks */ = {isa = PBXBuildFile; fileRef = 0238ACFB1F551600004F386C /* MediaPlayer.framework */; };
		0238ACFF1F551608004F386C /* AudioToolbox.framework in Frameworks */ = {isa = PBXBuildFile; fileRef = 0238ACFE1F551608004F386C /* AudioToolbox.framework */; };
		0238AD011F55160D004F386C /* AVFoundation.framework in Frameworks */ = {isa = PBXBuildFile; fileRef = 0238AD001F55160D004F386C /* AVFoundation.framework */; };
		0238AD031F551615004F386C /* Foundation.framework in Frameworks */ = {isa = PBXBuildFile; fileRef = 0238AD021F551615004F386C /* Foundation.framework */; };
		0238AD051F55161B004F386C /* CoreGraphics.framework in Frameworks */ = {isa = PBXBuildFile; fileRef = 0238AD041F55161B004F386C /* CoreGraphics.framework */; };
		029F17E01F5431E200BABF69 /* main.m in Sources */ = {isa = PBXBuildFile; fileRef = 029F17DF1F5431E200BABF69 /* main.m */; };
		029F17E31F5431E200BABF69 /* AppDelegate.m in Sources */ = {isa = PBXBuildFile; fileRef = 029F17E21F5431E200BABF69 /* AppDelegate.m */; };
		029F17E91F5431E200BABF69 /* Main.storyboard in Resources */ = {isa = PBXBuildFile; fileRef = 029F17E71F5431E200BABF69 /* Main.storyboard */; };
		029F17EB1F5431E200BABF69 /* Assets.xcassets in Resources */ = {isa = PBXBuildFile; fileRef = 029F17EA1F5431E200BABF69 /* Assets.xcassets */; };
		029F17EE1F5431E200BABF69 /* LaunchScreen.storyboard in Resources */ = {isa = PBXBuildFile; fileRef = 029F17EC1F5431E200BABF69 /* LaunchScreen.storyboard */; };
		029F182E1F54330B00BABF69 /* SuperpoweredIOSAudioIO.mm in Sources */ = {isa = PBXBuildFile; fileRef = 029F18211F54330B00BABF69 /* SuperpoweredIOSAudioIO.mm */; };
		029F182F1F54330B00BABF69 /* SuperpoweredNBandEQ.cpp in Sources */ = {isa = PBXBuildFile; fileRef = 029F18241F54330B00BABF69 /* SuperpoweredNBandEQ.cpp */; };
		02C84FDC1F73C22D009BDE3F /* em_gai_mua.mp4 in Resources */ = {isa = PBXBuildFile; fileRef = 02C84FC61F73C22D009BDE3F /* em_gai_mua.mp4 */; };
		02C84FDD1F73C22D009BDE3F /* em_gai_mua2.mp4 in Resources */ = {isa = PBXBuildFile; fileRef = 02C84FC71F73C22D009BDE3F /* em_gai_mua2.mp4 */; };
		02C84FDE1F73C22D009BDE3F /* icon_next.png in Resources */ = {isa = PBXBuildFile; fileRef = 02C84FC81F73C22D009BDE3F /* icon_next.png */; };
		02C84FDF1F73C22D009BDE3F /* icon_next@2.png in Resources */ = {isa = PBXBuildFile; fileRef = 02C84FC91F73C22D009BDE3F /* icon_next@2.png */; };
		02C84FE01F73C22D009BDE3F /* icon_next@3x.png in Resources */ = {isa = PBXBuildFile; fileRef = 02C84FCA1F73C22D009BDE3F /* icon_next@3x.png */; };
		02C84FE11F73C22D009BDE3F /* icon_pause.png in Resources */ = {isa = PBXBuildFile; fileRef = 02C84FCB1F73C22D009BDE3F /* icon_pause.png */; };
		02C84FE21F73C22D009BDE3F /* icon_pause@2x.png in Resources */ = {isa = PBXBuildFile; fileRef = 02C84FCC1F73C22D009BDE3F /* icon_pause@2x.png */; };
		02C84FE31F73C22D009BDE3F /* icon_pause@3x.png in Resources */ = {isa = PBXBuildFile; fileRef = 02C84FCD1F73C22D009BDE3F /* icon_pause@3x.png */; };
		02C84FE41F73C22D009BDE3F /* icon_play.png in Resources */ = {isa = PBXBuildFile; fileRef = 02C84FCE1F73C22D009BDE3F /* icon_play.png */; };
		02C84FE51F73C22D009BDE3F /* icon_play@2x.png in Resources */ = {isa = PBXBuildFile; fileRef = 02C84FCF1F73C22D009BDE3F /* icon_play@2x.png */; };
		02C84FE61F73C22D009BDE3F /* icon_play@3x.png in Resources */ = {isa = PBXBuildFile; fileRef = 02C84FD01F73C22D009BDE3F /* icon_play@3x.png */; };
		02C84FE71F73C22D009BDE3F /* icon_replay.png in Resources */ = {isa = PBXBuildFile; fileRef = 02C84FD11F73C22D009BDE3F /* icon_replay.png */; };
		02C84FE81F73C22D009BDE3F /* icon_replay@2x.png in Resources */ = {isa = PBXBuildFile; fileRef = 02C84FD21F73C22D009BDE3F /* icon_replay@2x.png */; };
		02C84FE91F73C22D009BDE3F /* icon_replay@3x.png in Resources */ = {isa = PBXBuildFile; fileRef = 02C84FD31F73C22D009BDE3F /* icon_replay@3x.png */; };
		02C84FEA1F73C22D009BDE3F /* MotThoiDaXa.mp3 in Resources */ = {isa = PBXBuildFile; fileRef = 02C84FD41F73C22D009BDE3F /* MotThoiDaXa.mp3 */; };
		02C84FEB1F73C22D009BDE3F /* PlaybackTableViewCell.m in Sources */ = {isa = PBXBuildFile; fileRef = 02C84FD61F73C22D009BDE3F /* PlaybackTableViewCell.m */; };
		02C84FEC1F73C22D009BDE3F /* PlaybackTableViewCell.xib in Resources */ = {isa = PBXBuildFile; fileRef = 02C84FD71F73C22D009BDE3F /* PlaybackTableViewCell.xib */; };
		02C84FED1F73C22D009BDE3F /* TemplateView.mm in Sources */ = {isa = PBXBuildFile; fileRef = 02C84FD91F73C22D009BDE3F /* TemplateView.mm */; };
		02C84FEE1F73C22D009BDE3F /* TemplateView.xib in Resources */ = {isa = PBXBuildFile; fileRef = 02C84FDA1F73C22D009BDE3F /* TemplateView.xib */; };
		02C84FEF1F73C22D009BDE3F /* va_con_mua_toi.mp4 in Resources */ = {isa = PBXBuildFile; fileRef = 02C84FDB1F73C22D009BDE3F /* va_con_mua_toi.mp4 */; };
		02C84FFF1F73D500009BDE3F /* icon_bin.png in Resources */ = {isa = PBXBuildFile; fileRef = 02C84FFC1F73D500009BDE3F /* icon_bin.png */; };
		02C850001F73D500009BDE3F /* icon_bin@2x.png in Resources */ = {isa = PBXBuildFile; fileRef = 02C84FFD1F73D500009BDE3F /* icon_bin@2x.png */; };
		02C850011F73D500009BDE3F /* icon_bin@3x.png in Resources */ = {isa = PBXBuildFile; fileRef = 02C84FFE1F73D500009BDE3F /* icon_bin@3x.png */; };
/* End PBXBuildFile section */

/* Begin PBXFileReference section */
		020FA91C1F66E14C002E4E4C /* PlaybackViewController.h */ = {isa = PBXFileReference; fileEncoding = 4; lastKnownFileType = sourcecode.c.h; path = PlaybackViewController.h; sourceTree = "<group>"; };
		0238ACFA1F551600004F386C /* CoreMedia.framework */ = {isa = PBXFileReference; lastKnownFileType = wrapper.framework; name = CoreMedia.framework; path = System/Library/Frameworks/CoreMedia.framework; sourceTree = SDKROOT; };
		0238ACFB1F551600004F386C /* MediaPlayer.framework */ = {isa = PBXFileReference; lastKnownFileType = wrapper.framework; name = MediaPlayer.framework; path = System/Library/Frameworks/MediaPlayer.framework; sourceTree = SDKROOT; };
		0238ACFE1F551608004F386C /* AudioToolbox.framework */ = {isa = PBXFileReference; lastKnownFileType = wrapper.framework; name = AudioToolbox.framework; path = System/Library/Frameworks/AudioToolbox.framework; sourceTree = SDKROOT; };
		0238AD001F55160D004F386C /* AVFoundation.framework */ = {isa = PBXFileReference; lastKnownFileType = wrapper.framework; name = AVFoundation.framework; path = System/Library/Frameworks/AVFoundation.framework; sourceTree = SDKROOT; };
		0238AD021F551615004F386C /* Foundation.framework */ = {isa = PBXFileReference; lastKnownFileType = wrapper.framework; name = Foundation.framework; path = System/Library/Frameworks/Foundation.framework; sourceTree = SDKROOT; };
		0238AD041F55161B004F386C /* CoreGraphics.framework */ = {isa = PBXFileReference; lastKnownFileType = wrapper.framework; name = CoreGraphics.framework; path = System/Library/Frameworks/CoreGraphics.framework; sourceTree = SDKROOT; };
		029F17DB1F5431E200BABF69 /* SPAudioEqualizerApp.app */ = {isa = PBXFileReference; explicitFileType = wrapper.application; includeInIndex = 0; path = SPAudioEqualizerApp.app; sourceTree = BUILT_PRODUCTS_DIR; };
		029F17DF1F5431E200BABF69 /* main.m */ = {isa = PBXFileReference; lastKnownFileType = sourcecode.c.objc; path = main.m; sourceTree = "<group>"; };
		029F17E11F5431E200BABF69 /* AppDelegate.h */ = {isa = PBXFileReference; lastKnownFileType = sourcecode.c.h; name = AppDelegate.h; path = ../../AppDelegate.h; sourceTree = "<group>"; };
		029F17E21F5431E200BABF69 /* AppDelegate.m */ = {isa = PBXFileReference; lastKnownFileType = sourcecode.c.objc; name = AppDelegate.m; path = ../../AppDelegate.m; sourceTree = "<group>"; };
		029F17E81F5431E200BABF69 /* Base */ = {isa = PBXFileReference; lastKnownFileType = file.storyboard; name = Base; path = Base.lproj/Main.storyboard; sourceTree = "<group>"; };
		029F17EA1F5431E200BABF69 /* Assets.xcassets */ = {isa = PBXFileReference; lastKnownFileType = folder.assetcatalog; path = Assets.xcassets; sourceTree = "<group>"; };
		029F17ED1F5431E200BABF69 /* Base */ = {isa = PBXFileReference; lastKnownFileType = file.storyboard; name = Base; path = Base.lproj/LaunchScreen.storyboard; sourceTree = "<group>"; };
		029F17EF1F5431E200BABF69 /* Info.plist */ = {isa = PBXFileReference; lastKnownFileType = text.plist.xml; path = Info.plist; sourceTree = "<group>"; };
		029F17FF1F5432B400BABF69 /* ControlView.h */ = {isa = PBXFileReference; fileEncoding = 4; lastKnownFileType = sourcecode.c.h; path = ControlView.h; sourceTree = "<group>"; };
		029F18021F5432B400BABF69 /* ReverbView.h */ = {isa = PBXFileReference; fileEncoding = 4; lastKnownFileType = sourcecode.c.h; path = ReverbView.h; sourceTree = "<group>"; };
		029F18031F5432B400BABF69 /* SingleFilterView.h */ = {isa = PBXFileReference; fileEncoding = 4; lastKnownFileType = sourcecode.c.h; path = SingleFilterView.h; sourceTree = "<group>"; };
		029F18051F5432B400BABF69 /* SPAudioEqualizerVC.h */ = {isa = PBXFileReference; fileEncoding = 4; lastKnownFileType = sourcecode.c.h; path = SPAudioEqualizerVC.h; sourceTree = "<group>"; };
		029F180D1F5432C900BABF69 /* libSPAudioEqualizer.a */ = {isa = PBXFileReference; lastKnownFileType = archive.ar; name = libSPAudioEqualizer.a; path = SPAudioEqualizerApp/libSPAudioEqualizer.a; sourceTree = "<group>"; };
		029F18101F54330B00BABF69 /* Superpowered3BandEQ.h */ = {isa = PBXFileReference; fileEncoding = 4; lastKnownFileType = sourcecode.c.h; path = Superpowered3BandEQ.h; sourceTree = "<group>"; };
		029F18111F54330B00BABF69 /* SuperpoweredAdvancedAudioPlayer.h */ = {isa = PBXFileReference; fileEncoding = 4; lastKnownFileType = sourcecode.c.h; path = SuperpoweredAdvancedAudioPlayer.h; sourceTree = "<group>"; };
		029F18121F54330B00BABF69 /* SuperpoweredAnalyzer.h */ = {isa = PBXFileReference; fileEncoding = 4; lastKnownFileType = sourcecode.c.h; path = SuperpoweredAnalyzer.h; sourceTree = "<group>"; };
		029F18131F54330B00BABF69 /* SuperpoweredAudioBuffers.h */ = {isa = PBXFileReference; fileEncoding = 4; lastKnownFileType = sourcecode.c.h; path = SuperpoweredAudioBuffers.h; sourceTree = "<group>"; };
		029F18141F54330B00BABF69 /* SuperpoweredBandpassFilterbank.h */ = {isa = PBXFileReference; fileEncoding = 4; lastKnownFileType = sourcecode.c.h; path = SuperpoweredBandpassFilterbank.h; sourceTree = "<group>"; };
		029F18151F54330B00BABF69 /* SuperpoweredClipper.h */ = {isa = PBXFileReference; fileEncoding = 4; lastKnownFileType = sourcecode.c.h; path = SuperpoweredClipper.h; sourceTree = "<group>"; };
		029F18161F54330B00BABF69 /* SuperpoweredCompressor.h */ = {isa = PBXFileReference; fileEncoding = 4; lastKnownFileType = sourcecode.c.h; path = SuperpoweredCompressor.h; sourceTree = "<group>"; };
		029F18171F54330B00BABF69 /* SuperpoweredCPU.h */ = {isa = PBXFileReference; fileEncoding = 4; lastKnownFileType = sourcecode.c.h; path = SuperpoweredCPU.h; sourceTree = "<group>"; };
		029F18181F54330B00BABF69 /* SuperpoweredDecoder.h */ = {isa = PBXFileReference; fileEncoding = 4; lastKnownFileType = sourcecode.c.h; path = SuperpoweredDecoder.h; sourceTree = "<group>"; };
		029F18191F54330B00BABF69 /* SuperpoweredEcho.h */ = {isa = PBXFileReference; fileEncoding = 4; lastKnownFileType = sourcecode.c.h; path = SuperpoweredEcho.h; sourceTree = "<group>"; };
		029F181A1F54330B00BABF69 /* SuperpoweredFFT.h */ = {isa = PBXFileReference; fileEncoding = 4; lastKnownFileType = sourcecode.c.h; path = SuperpoweredFFT.h; sourceTree = "<group>"; };
		029F181B1F54330B00BABF69 /* SuperpoweredFilter.h */ = {isa = PBXFileReference; fileEncoding = 4; lastKnownFileType = sourcecode.c.h; path = SuperpoweredFilter.h; sourceTree = "<group>"; };
		029F181C1F54330B00BABF69 /* SuperpoweredFlanger.h */ = {isa = PBXFileReference; fileEncoding = 4; lastKnownFileType = sourcecode.c.h; path = SuperpoweredFlanger.h; sourceTree = "<group>"; };
		029F181D1F54330B00BABF69 /* SuperpoweredFrequencyDomain.h */ = {isa = PBXFileReference; fileEncoding = 4; lastKnownFileType = sourcecode.c.h; path = SuperpoweredFrequencyDomain.h; sourceTree = "<group>"; };
		029F181E1F54330B00BABF69 /* SuperpoweredFX.h */ = {isa = PBXFileReference; fileEncoding = 4; lastKnownFileType = sourcecode.c.h; path = SuperpoweredFX.h; sourceTree = "<group>"; };
		029F181F1F54330B00BABF69 /* SuperpoweredGate.h */ = {isa = PBXFileReference; fileEncoding = 4; lastKnownFileType = sourcecode.c.h; path = SuperpoweredGate.h; sourceTree = "<group>"; };
		029F18201F54330B00BABF69 /* SuperpoweredIOSAudioIO.h */ = {isa = PBXFileReference; fileEncoding = 4; lastKnownFileType = sourcecode.c.h; path = SuperpoweredIOSAudioIO.h; sourceTree = "<group>"; };
		029F18211F54330B00BABF69 /* SuperpoweredIOSAudioIO.mm */ = {isa = PBXFileReference; fileEncoding = 4; lastKnownFileType = sourcecode.cpp.objcpp; path = SuperpoweredIOSAudioIO.mm; sourceTree = "<group>"; };
		029F18221F54330B00BABF69 /* SuperpoweredLimiter.h */ = {isa = PBXFileReference; fileEncoding = 4; lastKnownFileType = sourcecode.c.h; path = SuperpoweredLimiter.h; sourceTree = "<group>"; };
		029F18231F54330B00BABF69 /* SuperpoweredMixer.h */ = {isa = PBXFileReference; fileEncoding = 4; lastKnownFileType = sourcecode.c.h; path = SuperpoweredMixer.h; sourceTree = "<group>"; };
		029F18241F54330B00BABF69 /* SuperpoweredNBandEQ.cpp */ = {isa = PBXFileReference; fileEncoding = 4; lastKnownFileType = sourcecode.cpp.cpp; path = SuperpoweredNBandEQ.cpp; sourceTree = "<group>"; };
		029F18251F54330B00BABF69 /* SuperpoweredNBandEQ.h */ = {isa = PBXFileReference; fileEncoding = 4; lastKnownFileType = sourcecode.c.h; path = SuperpoweredNBandEQ.h; sourceTree = "<group>"; };
		029F18261F54330B00BABF69 /* SuperpoweredRecorder.h */ = {isa = PBXFileReference; fileEncoding = 4; lastKnownFileType = sourcecode.c.h; path = SuperpoweredRecorder.h; sourceTree = "<group>"; };
		029F18271F54330B00BABF69 /* SuperpoweredResampler.h */ = {isa = PBXFileReference; fileEncoding = 4; lastKnownFileType = sourcecode.c.h; path = SuperpoweredResampler.h; sourceTree = "<group>"; };
		029F18281F54330B00BABF69 /* SuperpoweredReverb.h */ = {isa = PBXFileReference; fileEncoding = 4; lastKnownFileType = sourcecode.c.h; path = SuperpoweredReverb.h; sourceTree = "<group>"; };
		029F18291F54330B00BABF69 /* SuperpoweredRoll.h */ = {isa = PBXFileReference; fileEncoding = 4; lastKnownFileType = sourcecode.c.h; path = SuperpoweredRoll.h; sourceTree = "<group>"; };
		029F182A1F54330B00BABF69 /* SuperpoweredSimple.h */ = {isa = PBXFileReference; fileEncoding = 4; lastKnownFileType = sourcecode.c.h; path = SuperpoweredSimple.h; sourceTree = "<group>"; };
		029F182B1F54330B00BABF69 /* SuperpoweredSpatializer.h */ = {isa = PBXFileReference; fileEncoding = 4; lastKnownFileType = sourcecode.c.h; path = SuperpoweredSpatializer.h; sourceTree = "<group>"; };
		029F182C1F54330B00BABF69 /* SuperpoweredTimeStretching.h */ = {isa = PBXFileReference; fileEncoding = 4; lastKnownFileType = sourcecode.c.h; path = SuperpoweredTimeStretching.h; sourceTree = "<group>"; };
		029F182D1F54330B00BABF69 /* SuperpoweredWhoosh.h */ = {isa = PBXFileReference; fileEncoding = 4; lastKnownFileType = sourcecode.c.h; path = SuperpoweredWhoosh.h; sourceTree = "<group>"; };
		02C84FC61F73C22D009BDE3F /* em_gai_mua.mp4 */ = {isa = PBXFileReference; lastKnownFileType = file; path = em_gai_mua.mp4; sourceTree = "<group>"; };
		02C84FC71F73C22D009BDE3F /* em_gai_mua2.mp4 */ = {isa = PBXFileReference; lastKnownFileType = file; path = em_gai_mua2.mp4; sourceTree = "<group>"; };
		02C84FC81F73C22D009BDE3F /* icon_next.png */ = {isa = PBXFileReference; lastKnownFileType = image.png; path = icon_next.png; sourceTree = "<group>"; };
		02C84FC91F73C22D009BDE3F /* icon_next@2.png */ = {isa = PBXFileReference; lastKnownFileType = image.png; path = "icon_next@2.png"; sourceTree = "<group>"; };
		02C84FCA1F73C22D009BDE3F /* icon_next@3x.png */ = {isa = PBXFileReference; lastKnownFileType = image.png; path = "icon_next@3x.png"; sourceTree = "<group>"; };
		02C84FCB1F73C22D009BDE3F /* icon_pause.png */ = {isa = PBXFileReference; lastKnownFileType = image.png; path = icon_pause.png; sourceTree = "<group>"; };
		02C84FCC1F73C22D009BDE3F /* icon_pause@2x.png */ = {isa = PBXFileReference; lastKnownFileType = image.png; path = "icon_pause@2x.png"; sourceTree = "<group>"; };
		02C84FCD1F73C22D009BDE3F /* icon_pause@3x.png */ = {isa = PBXFileReference; lastKnownFileType = image.png; path = "icon_pause@3x.png"; sourceTree = "<group>"; };
		02C84FCE1F73C22D009BDE3F /* icon_play.png */ = {isa = PBXFileReference; lastKnownFileType = image.png; path = icon_play.png; sourceTree = "<group>"; };
		02C84FCF1F73C22D009BDE3F /* icon_play@2x.png */ = {isa = PBXFileReference; lastKnownFileType = image.png; path = "icon_play@2x.png"; sourceTree = "<group>"; };
		02C84FD01F73C22D009BDE3F /* icon_play@3x.png */ = {isa = PBXFileReference; lastKnownFileType = image.png; path = "icon_play@3x.png"; sourceTree = "<group>"; };
		02C84FD11F73C22D009BDE3F /* icon_replay.png */ = {isa = PBXFileReference; lastKnownFileType = image.png; path = icon_replay.png; sourceTree = "<group>"; };
		02C84FD21F73C22D009BDE3F /* icon_replay@2x.png */ = {isa = PBXFileReference; lastKnownFileType = image.png; path = "icon_replay@2x.png"; sourceTree = "<group>"; };
		02C84FD31F73C22D009BDE3F /* icon_replay@3x.png */ = {isa = PBXFileReference; lastKnownFileType = image.png; path = "icon_replay@3x.png"; sourceTree = "<group>"; };
		02C84FD41F73C22D009BDE3F /* MotThoiDaXa.mp3 */ = {isa = PBXFileReference; lastKnownFileType = audio.mp3; path = MotThoiDaXa.mp3; sourceTree = "<group>"; };
		02C84FD51F73C22D009BDE3F /* PlaybackTableViewCell.h */ = {isa = PBXFileReference; fileEncoding = 4; lastKnownFileType = sourcecode.c.h; path = PlaybackTableViewCell.h; sourceTree = "<group>"; };
		02C84FD61F73C22D009BDE3F /* PlaybackTableViewCell.m */ = {isa = PBXFileReference; fileEncoding = 4; lastKnownFileType = sourcecode.c.objc; path = PlaybackTableViewCell.m; sourceTree = "<group>"; };
		02C84FD71F73C22D009BDE3F /* PlaybackTableViewCell.xib */ = {isa = PBXFileReference; fileEncoding = 4; lastKnownFileType = file.xib; path = PlaybackTableViewCell.xib; sourceTree = "<group>"; };
		02C84FD81F73C22D009BDE3F /* TemplateView.h */ = {isa = PBXFileReference; fileEncoding = 4; lastKnownFileType = sourcecode.c.h; path = TemplateView.h; sourceTree = "<group>"; };
		02C84FD91F73C22D009BDE3F /* TemplateView.mm */ = {isa = PBXFileReference; fileEncoding = 4; lastKnownFileType = sourcecode.cpp.objcpp; path = TemplateView.mm; sourceTree = "<group>"; };
		02C84FDA1F73C22D009BDE3F /* TemplateView.xib */ = {isa = PBXFileReference; fileEncoding = 4; lastKnownFileType = file.xib; path = TemplateView.xib; sourceTree = "<group>"; };
		02C84FDB1F73C22D009BDE3F /* va_con_mua_toi.mp4 */ = {isa = PBXFileReference; lastKnownFileType = file; path = va_con_mua_toi.mp4; sourceTree = "<group>"; };
		02C84FFC1F73D500009BDE3F /* icon_bin.png */ = {isa = PBXFileReference; lastKnownFileType = image.png; path = icon_bin.png; sourceTree = "<group>"; };
		02C84FFD1F73D500009BDE3F /* icon_bin@2x.png */ = {isa = PBXFileReference; lastKnownFileType = image.png; path = "icon_bin@2x.png"; sourceTree = "<group>"; };
		02C84FFE1F73D500009BDE3F /* icon_bin@3x.png */ = {isa = PBXFileReference; lastKnownFileType = image.png; path = "icon_bin@3x.png"; sourceTree = "<group>"; };
/* End PBXFileReference section */

/* Begin PBXFrameworksBuildPhase section */
		029F17D81F5431E200BABF69 /* Frameworks */ = {
			isa = PBXFrameworksBuildPhase;
			buildActionMask = 2147483647;
			files = (
				020FA9151F66E0A0002E4E4C /* libSPAudioEqualizer.a in Frameworks */,
				0238AD051F55161B004F386C /* CoreGraphics.framework in Frameworks */,
				0238AD031F551615004F386C /* Foundation.framework in Frameworks */,
				0238AD011F55160D004F386C /* AVFoundation.framework in Frameworks */,
				0238ACFF1F551608004F386C /* AudioToolbox.framework in Frameworks */,
				0238ACFC1F551600004F386C /* CoreMedia.framework in Frameworks */,
				0238ACFD1F551600004F386C /* MediaPlayer.framework in Frameworks */,
			);
			runOnlyForDeploymentPostprocessing = 0;
		};
/* End PBXFrameworksBuildPhase section */

/* Begin PBXGroup section */
		020FA9241F66E199002E4E4C /* source */ = {
			isa = PBXGroup;
			children = (
				02C84FFC1F73D500009BDE3F /* icon_bin.png */,
				02C84FFD1F73D500009BDE3F /* icon_bin@2x.png */,
				02C84FFE1F73D500009BDE3F /* icon_bin@3x.png */,
				02C84FC61F73C22D009BDE3F /* em_gai_mua.mp4 */,
				02C84FC71F73C22D009BDE3F /* em_gai_mua2.mp4 */,
				02C84FC81F73C22D009BDE3F /* icon_next.png */,
				02C84FC91F73C22D009BDE3F /* icon_next@2.png */,
				02C84FCA1F73C22D009BDE3F /* icon_next@3x.png */,
				02C84FCB1F73C22D009BDE3F /* icon_pause.png */,
				02C84FCC1F73C22D009BDE3F /* icon_pause@2x.png */,
				02C84FCD1F73C22D009BDE3F /* icon_pause@3x.png */,
				02C84FCE1F73C22D009BDE3F /* icon_play.png */,
				02C84FCF1F73C22D009BDE3F /* icon_play@2x.png */,
				02C84FD01F73C22D009BDE3F /* icon_play@3x.png */,
				02C84FD11F73C22D009BDE3F /* icon_replay.png */,
				02C84FD21F73C22D009BDE3F /* icon_replay@2x.png */,
				02C84FD31F73C22D009BDE3F /* icon_replay@3x.png */,
				02C84FD41F73C22D009BDE3F /* MotThoiDaXa.mp3 */,
				02C84FDB1F73C22D009BDE3F /* va_con_mua_toi.mp4 */,
			);
			name = source;
			sourceTree = "<group>";
		};
		029F17D21F5431E200BABF69 = {
			isa = PBXGroup;
			children = (
				029F180F1F54330B00BABF69 /* Superpowered */,
				029F17FD1F5432B400BABF69 /* include */,
				029F17DD1F5431E200BABF69 /* SPAudioEqualizerApp */,
				029F17DC1F5431E200BABF69 /* Products */,
				029F180C1F5432C900BABF69 /* Frameworks */,
			);
			sourceTree = "<group>";
		};
		029F17DC1F5431E200BABF69 /* Products */ = {
			isa = PBXGroup;
			children = (
				029F17DB1F5431E200BABF69 /* SPAudioEqualizerApp.app */,
			);
			name = Products;
			sourceTree = "<group>";
		};
		029F17DD1F5431E200BABF69 /* SPAudioEqualizerApp */ = {
			isa = PBXGroup;
			children = (
				029F17E71F5431E200BABF69 /* Main.storyboard */,
				029F17EA1F5431E200BABF69 /* Assets.xcassets */,
				029F17EC1F5431E200BABF69 /* LaunchScreen.storyboard */,
				029F17EF1F5431E200BABF69 /* Info.plist */,
				029F17DE1F5431E200BABF69 /* Supporting Files */,
			);
			path = SPAudioEqualizerApp;
			sourceTree = "<group>";
		};
		029F17DE1F5431E200BABF69 /* Supporting Files */ = {
			isa = PBXGroup;
			children = (
				029F17DF1F5431E200BABF69 /* main.m */,
			);
			name = "Supporting Files";
			sourceTree = "<group>";
		};
		029F17FD1F5432B400BABF69 /* include */ = {
			isa = PBXGroup;
			children = (
				029F17FE1F5432B400BABF69 /* SPAudioEqualizer */,
			);
			name = include;
			path = SPAudioEqualizerApp/include;
			sourceTree = "<group>";
		};
		029F17FE1F5432B400BABF69 /* SPAudioEqualizer */ = {
			isa = PBXGroup;
			children = (
				020FA9241F66E199002E4E4C /* source */,
				029F17E11F5431E200BABF69 /* AppDelegate.h */,
				029F17E21F5431E200BABF69 /* AppDelegate.m */,
				02C84FD51F73C22D009BDE3F /* PlaybackTableViewCell.h */,
				02C84FD61F73C22D009BDE3F /* PlaybackTableViewCell.m */,
				02C84FD71F73C22D009BDE3F /* PlaybackTableViewCell.xib */,
				02C84FD81F73C22D009BDE3F /* TemplateView.h */,
				02C84FD91F73C22D009BDE3F /* TemplateView.mm */,
				02C84FDA1F73C22D009BDE3F /* TemplateView.xib */,
				029F18051F5432B400BABF69 /* SPAudioEqualizerVC.h */,
				020FA91C1F66E14C002E4E4C /* PlaybackViewController.h */,
				029F17FF1F5432B400BABF69 /* ControlView.h */,
				029F18021F5432B400BABF69 /* ReverbView.h */,
				029F18031F5432B400BABF69 /* SingleFilterView.h */,
			);
			path = SPAudioEqualizer;
			sourceTree = "<group>";
		};
		029F180C1F5432C900BABF69 /* Frameworks */ = {
			isa = PBXGroup;
			children = (
				0238AD041F55161B004F386C /* CoreGraphics.framework */,
				0238AD021F551615004F386C /* Foundation.framework */,
				0238AD001F55160D004F386C /* AVFoundation.framework */,
				0238ACFE1F551608004F386C /* AudioToolbox.framework */,
				0238ACFA1F551600004F386C /* CoreMedia.framework */,
				0238ACFB1F551600004F386C /* MediaPlayer.framework */,
				029F180D1F5432C900BABF69 /* libSPAudioEqualizer.a */,
			);
			name = Frameworks;
			sourceTree = "<group>";
		};
		029F180F1F54330B00BABF69 /* Superpowered */ = {
			isa = PBXGroup;
			children = (
				029F18101F54330B00BABF69 /* Superpowered3BandEQ.h */,
				029F18111F54330B00BABF69 /* SuperpoweredAdvancedAudioPlayer.h */,
				029F18121F54330B00BABF69 /* SuperpoweredAnalyzer.h */,
				029F18131F54330B00BABF69 /* SuperpoweredAudioBuffers.h */,
				029F18141F54330B00BABF69 /* SuperpoweredBandpassFilterbank.h */,
				029F18151F54330B00BABF69 /* SuperpoweredClipper.h */,
				029F18161F54330B00BABF69 /* SuperpoweredCompressor.h */,
				029F18171F54330B00BABF69 /* SuperpoweredCPU.h */,
				029F18181F54330B00BABF69 /* SuperpoweredDecoder.h */,
				029F18191F54330B00BABF69 /* SuperpoweredEcho.h */,
				029F181A1F54330B00BABF69 /* SuperpoweredFFT.h */,
				029F181B1F54330B00BABF69 /* SuperpoweredFilter.h */,
				029F181C1F54330B00BABF69 /* SuperpoweredFlanger.h */,
				029F181D1F54330B00BABF69 /* SuperpoweredFrequencyDomain.h */,
				029F181E1F54330B00BABF69 /* SuperpoweredFX.h */,
				029F181F1F54330B00BABF69 /* SuperpoweredGate.h */,
				029F18201F54330B00BABF69 /* SuperpoweredIOSAudioIO.h */,
				029F18211F54330B00BABF69 /* SuperpoweredIOSAudioIO.mm */,
				029F18221F54330B00BABF69 /* SuperpoweredLimiter.h */,
				029F18231F54330B00BABF69 /* SuperpoweredMixer.h */,
				029F18241F54330B00BABF69 /* SuperpoweredNBandEQ.cpp */,
				029F18251F54330B00BABF69 /* SuperpoweredNBandEQ.h */,
				029F18261F54330B00BABF69 /* SuperpoweredRecorder.h */,
				029F18271F54330B00BABF69 /* SuperpoweredResampler.h */,
				029F18281F54330B00BABF69 /* SuperpoweredReverb.h */,
				029F18291F54330B00BABF69 /* SuperpoweredRoll.h */,
				029F182A1F54330B00BABF69 /* SuperpoweredSimple.h */,
				029F182B1F54330B00BABF69 /* SuperpoweredSpatializer.h */,
				029F182C1F54330B00BABF69 /* SuperpoweredTimeStretching.h */,
				029F182D1F54330B00BABF69 /* SuperpoweredWhoosh.h */,
			);
			name = Superpowered;
			path = SPAudioEqualizerApp/Superpowered;
			sourceTree = "<group>";
		};
/* End PBXGroup section */

/* Begin PBXNativeTarget section */
		029F17DA1F5431E200BABF69 /* SPAudioEqualizerApp */ = {
			isa = PBXNativeTarget;
			buildConfigurationList = 029F17F21F5431E200BABF69 /* Build configuration list for PBXNativeTarget "SPAudioEqualizerApp" */;
			buildPhases = (
				029F17D71F5431E200BABF69 /* Sources */,
				029F17D81F5431E200BABF69 /* Frameworks */,
				029F17D91F5431E200BABF69 /* Resources */,
			);
			buildRules = (
			);
			dependencies = (
			);
			name = SPAudioEqualizerApp;
			productName = SPAudioEqualizerApp;
			productReference = 029F17DB1F5431E200BABF69 /* SPAudioEqualizerApp.app */;
			productType = "com.apple.product-type.application";
		};
/* End PBXNativeTarget section */

/* Begin PBXProject section */
		029F17D31F5431E200BABF69 /* Project object */ = {
			isa = PBXProject;
			attributes = {
				LastUpgradeCheck = 0830;
				ORGANIZATIONNAME = "Phuong Doan";
				TargetAttributes = {
					029F17DA1F5431E200BABF69 = {
						CreatedOnToolsVersion = 8.3.3;
						DevelopmentTeam = RC9B9M5SNE;
						ProvisioningStyle = Automatic;
					};
				};
			};
			buildConfigurationList = 029F17D61F5431E200BABF69 /* Build configuration list for PBXProject "SPAudioEqualizerApp" */;
			compatibilityVersion = "Xcode 3.2";
			developmentRegion = English;
			hasScannedForEncodings = 0;
			knownRegions = (
				en,
				Base,
			);
			mainGroup = 029F17D21F5431E200BABF69;
			productRefGroup = 029F17DC1F5431E200BABF69 /* Products */;
			projectDirPath = "";
			projectRoot = "";
			targets = (
				029F17DA1F5431E200BABF69 /* SPAudioEqualizerApp */,
			);
		};
/* End PBXProject section */

/* Begin PBXResourcesBuildPhase section */
		029F17D91F5431E200BABF69 /* Resources */ = {
			isa = PBXResourcesBuildPhase;
			buildActionMask = 2147483647;
			files = (
				02C84FFF1F73D500009BDE3F /* icon_bin.png in Resources */,
				029F17EE1F5431E200BABF69 /* LaunchScreen.storyboard in Resources */,
				02C84FEC1F73C22D009BDE3F /* PlaybackTableViewCell.xib in Resources */,
				02C84FDC1F73C22D009BDE3F /* em_gai_mua.mp4 in Resources */,
				02C84FE91F73C22D009BDE3F /* icon_replay@3x.png in Resources */,
				02C84FEE1F73C22D009BDE3F /* TemplateView.xib in Resources */,
				02C850011F73D500009BDE3F /* icon_bin@3x.png in Resources */,
				02C84FE41F73C22D009BDE3F /* icon_play.png in Resources */,
				02C84FE11F73C22D009BDE3F /* icon_pause.png in Resources */,
				02C84FEA1F73C22D009BDE3F /* MotThoiDaXa.mp3 in Resources */,
				02C84FE81F73C22D009BDE3F /* icon_replay@2x.png in Resources */,
				02C84FE61F73C22D009BDE3F /* icon_play@3x.png in Resources */,
				029F17EB1F5431E200BABF69 /* Assets.xcassets in Resources */,
				02C84FDE1F73C22D009BDE3F /* icon_next.png in Resources */,
				02C850001F73D500009BDE3F /* icon_bin@2x.png in Resources */,
				02C84FDD1F73C22D009BDE3F /* em_gai_mua2.mp4 in Resources */,
				02C84FE01F73C22D009BDE3F /* icon_next@3x.png in Resources */,
				02C84FE51F73C22D009BDE3F /* icon_play@2x.png in Resources */,
				02C84FE71F73C22D009BDE3F /* icon_replay.png in Resources */,
				02C84FE31F73C22D009BDE3F /* icon_pause@3x.png in Resources */,
				029F17E91F5431E200BABF69 /* Main.storyboard in Resources */,
				02C84FE21F73C22D009BDE3F /* icon_pause@2x.png in Resources */,
				02C84FDF1F73C22D009BDE3F /* icon_next@2.png in Resources */,
				02C84FEF1F73C22D009BDE3F /* va_con_mua_toi.mp4 in Resources */,
			);
			runOnlyForDeploymentPostprocessing = 0;
		};
/* End PBXResourcesBuildPhase section */

/* Begin PBXSourcesBuildPhase section */
		029F17D71F5431E200BABF69 /* Sources */ = {
			isa = PBXSourcesBuildPhase;
			buildActionMask = 2147483647;
			files = (
				029F17E31F5431E200BABF69 /* AppDelegate.m in Sources */,
				029F17E01F5431E200BABF69 /* main.m in Sources */,
				02C84FED1F73C22D009BDE3F /* TemplateView.mm in Sources */,
				029F182E1F54330B00BABF69 /* SuperpoweredIOSAudioIO.mm in Sources */,
				02C84FEB1F73C22D009BDE3F /* PlaybackTableViewCell.m in Sources */,
				029F182F1F54330B00BABF69 /* SuperpoweredNBandEQ.cpp in Sources */,
			);
			runOnlyForDeploymentPostprocessing = 0;
		};
/* End PBXSourcesBuildPhase section */

/* Begin PBXVariantGroup section */
		029F17E71F5431E200BABF69 /* Main.storyboard */ = {
			isa = PBXVariantGroup;
			children = (
				029F17E81F5431E200BABF69 /* Base */,
			);
			name = Main.storyboard;
			sourceTree = "<group>";
		};
		029F17EC1F5431E200BABF69 /* LaunchScreen.storyboard */ = {
			isa = PBXVariantGroup;
			children = (
				029F17ED1F5431E200BABF69 /* Base */,
			);
			name = LaunchScreen.storyboard;
			sourceTree = "<group>";
		};
/* End PBXVariantGroup section */

/* Begin XCBuildConfiguration section */
		029F17F01F5431E200BABF69 /* Debug */ = {
			isa = XCBuildConfiguration;
			buildSettings = {
				ALWAYS_SEARCH_USER_PATHS = NO;
				CLANG_ANALYZER_NONNULL = YES;
				CLANG_ANALYZER_NUMBER_OBJECT_CONVERSION = YES_AGGRESSIVE;
				CLANG_CXX_LANGUAGE_STANDARD = "gnu++0x";
				CLANG_CXX_LIBRARY = "libc++";
				CLANG_ENABLE_MODULES = YES;
				CLANG_ENABLE_OBJC_ARC = YES;
				CLANG_WARN_BOOL_CONVERSION = YES;
				CLANG_WARN_CONSTANT_CONVERSION = YES;
				CLANG_WARN_DIRECT_OBJC_ISA_USAGE = YES_ERROR;
				CLANG_WARN_DOCUMENTATION_COMMENTS = YES;
				CLANG_WARN_EMPTY_BODY = YES;
				CLANG_WARN_ENUM_CONVERSION = YES;
				CLANG_WARN_INFINITE_RECURSION = YES;
				CLANG_WARN_INT_CONVERSION = YES;
				CLANG_WARN_OBJC_ROOT_CLASS = YES_ERROR;
				CLANG_WARN_SUSPICIOUS_MOVE = YES;
				CLANG_WARN_UNREACHABLE_CODE = YES;
				CLANG_WARN__DUPLICATE_METHOD_MATCH = YES;
				"CODE_SIGN_IDENTITY[sdk=iphoneos*]" = "iPhone Developer";
				COPY_PHASE_STRIP = NO;
				DEBUG_INFORMATION_FORMAT = dwarf;
				ENABLE_STRICT_OBJC_MSGSEND = YES;
				ENABLE_TESTABILITY = YES;
				GCC_C_LANGUAGE_STANDARD = gnu99;
				GCC_DYNAMIC_NO_PIC = NO;
				GCC_NO_COMMON_BLOCKS = YES;
				GCC_OPTIMIZATION_LEVEL = 0;
				GCC_PREPROCESSOR_DEFINITIONS = (
					"DEBUG=1",
					"$(inherited)",
				);
				GCC_WARN_64_TO_32_BIT_CONVERSION = YES;
				GCC_WARN_ABOUT_RETURN_TYPE = YES_ERROR;
				GCC_WARN_UNDECLARED_SELECTOR = YES;
				GCC_WARN_UNINITIALIZED_AUTOS = YES_AGGRESSIVE;
				GCC_WARN_UNUSED_FUNCTION = YES;
				GCC_WARN_UNUSED_VARIABLE = YES;
				IPHONEOS_DEPLOYMENT_TARGET = 10.3;
				MTL_ENABLE_DEBUG_INFO = YES;
				ONLY_ACTIVE_ARCH = YES;
				SDKROOT = iphoneos;
			};
			name = Debug;
		};
		029F17F11F5431E200BABF69 /* Release */ = {
			isa = XCBuildConfiguration;
			buildSettings = {
				ALWAYS_SEARCH_USER_PATHS = NO;
				CLANG_ANALYZER_NONNULL = YES;
				CLANG_ANALYZER_NUMBER_OBJECT_CONVERSION = YES_AGGRESSIVE;
				CLANG_CXX_LANGUAGE_STANDARD = "gnu++0x";
				CLANG_CXX_LIBRARY = "libc++";
				CLANG_ENABLE_MODULES = YES;
				CLANG_ENABLE_OBJC_ARC = YES;
				CLANG_WARN_BOOL_CONVERSION = YES;
				CLANG_WARN_CONSTANT_CONVERSION = YES;
				CLANG_WARN_DIRECT_OBJC_ISA_USAGE = YES_ERROR;
				CLANG_WARN_DOCUMENTATION_COMMENTS = YES;
				CLANG_WARN_EMPTY_BODY = YES;
				CLANG_WARN_ENUM_CONVERSION = YES;
				CLANG_WARN_INFINITE_RECURSION = YES;
				CLANG_WARN_INT_CONVERSION = YES;
				CLANG_WARN_OBJC_ROOT_CLASS = YES_ERROR;
				CLANG_WARN_SUSPICIOUS_MOVE = YES;
				CLANG_WARN_UNREACHABLE_CODE = YES;
				CLANG_WARN__DUPLICATE_METHOD_MATCH = YES;
				"CODE_SIGN_IDENTITY[sdk=iphoneos*]" = "iPhone Developer";
				COPY_PHASE_STRIP = NO;
				DEBUG_INFORMATION_FORMAT = "dwarf-with-dsym";
				ENABLE_NS_ASSERTIONS = NO;
				ENABLE_STRICT_OBJC_MSGSEND = YES;
				GCC_C_LANGUAGE_STANDARD = gnu99;
				GCC_NO_COMMON_BLOCKS = YES;
				GCC_WARN_64_TO_32_BIT_CONVERSION = YES;
				GCC_WARN_ABOUT_RETURN_TYPE = YES_ERROR;
				GCC_WARN_UNDECLARED_SELECTOR = YES;
				GCC_WARN_UNINITIALIZED_AUTOS = YES_AGGRESSIVE;
				GCC_WARN_UNUSED_FUNCTION = YES;
				GCC_WARN_UNUSED_VARIABLE = YES;
				IPHONEOS_DEPLOYMENT_TARGET = 10.3;
				MTL_ENABLE_DEBUG_INFO = NO;
				SDKROOT = iphoneos;
				VALIDATE_PRODUCT = YES;
			};
			name = Release;
		};
		029F17F31F5431E200BABF69 /* Debug */ = {
			isa = XCBuildConfiguration;
			buildSettings = {
				ASSETCATALOG_COMPILER_APPICON_NAME = AppIcon;
				DEVELOPMENT_TEAM = RC9B9M5SNE;
				ENABLE_BITCODE = NO;
				INFOPLIST_FILE = SPAudioEqualizerApp/Info.plist;
				IPHONEOS_DEPLOYMENT_TARGET = 9.0;
				LD_RUNPATH_SEARCH_PATHS = "$(inherited) @executable_path/Frameworks";
				LIBRARY_SEARCH_PATHS = (
					"$(inherited)",
					"$(PROJECT_DIR)/SPAudioEqualizerApp",
				);
				PRODUCT_BUNDLE_IDENTIFIER = phuong.com.project.SPAudioEqualizerApp;
				PRODUCT_NAME = "$(TARGET_NAME)";
				TARGETED_DEVICE_FAMILY = 1;
			};
			name = Debug;
		};
		029F17F41F5431E200BABF69 /* Release */ = {
			isa = XCBuildConfiguration;
			buildSettings = {
				ASSETCATALOG_COMPILER_APPICON_NAME = AppIcon;
				DEVELOPMENT_TEAM = RC9B9M5SNE;
				ENABLE_BITCODE = NO;
				INFOPLIST_FILE = SPAudioEqualizerApp/Info.plist;
				IPHONEOS_DEPLOYMENT_TARGET = 9.0;
				LD_RUNPATH_SEARCH_PATHS = "$(inherited) @executable_path/Frameworks";
				LIBRARY_SEARCH_PATHS = (
					"$(inherited)",
					"$(PROJECT_DIR)/SPAudioEqualizerApp",
				);
				PRODUCT_BUNDLE_IDENTIFIER = phuong.com.project.SPAudioEqualizerApp;
				PRODUCT_NAME = "$(TARGET_NAME)";
				TARGETED_DEVICE_FAMILY = 1;
			};
			name = Release;
		};
/* End XCBuildConfiguration section */

/* Begin XCConfigurationList section */
		029F17D61F5431E200BABF69 /* Build configuration list for PBXProject "SPAudioEqualizerApp" */ = {
			isa = XCConfigurationList;
			buildConfigurations = (
				029F17F01F5431E200BABF69 /* Debug */,
				029F17F11F5431E200BABF69 /* Release */,
			);
			defaultConfigurationIsVisible = 0;
			defaultConfigurationName = Release;
		};
		029F17F21F5431E200BABF69 /* Build configuration list for PBXNativeTarget "SPAudioEqualizerApp" */ = {
			isa = XCConfigurationList;
			buildConfigurations = (
				029F17F31F5431E200BABF69 /* Debug */,
				029F17F41F5431E200BABF69 /* Release */,
			);
			defaultConfigurationIsVisible = 0;
			defaultConfigurationName = Release;
		};
/* End XCConfigurationList section */
	};
	rootObject = 029F17D31F5431E200BABF69 /* Project object */;
}
